
Microsoft Visual Studio Solution File, Format Version 12.00
# Visual Studio Version 17
VisualStudioVersion = 17.9.34616.47
MinimumVisualStudioVersion = 10.0.40219.1
Project("{8BC9CEB8-8B4A-11D0-8D11-00A0C91BC942}") = "BinarySearchTree_0181", "BinarySearchTree_0181.vcxproj", "{B4A1B630-58CC-443D-BFB4-6579B6A5EB40}"
EndProject
Global
	GlobalSection(SolutionConfigurationPlatforms) = preSolution
		Debug|x64 = Debug|x64
		Debug|x86 = Debug|x86
		Release|x64 = Release|x64
		Release|x86 = Release|x86
	EndGlobalSection
	GlobalSection(ProjectConfigurationPlatforms) = postSolution
		{B4A1B630-58CC-443D-BFB4-6579B6A5EB40}.Debug|x64.ActiveCfg = Debug|x64
		{B4A1B630-58CC-443D-BFB4-6579B6A5EB40}.Debug|x64.Build.0 = Debug|x64
		{B4A1B630-58CC-443D-BFB4-6579B6A5EB40}.Debug|x86.ActiveCfg = Debug|Win32
		{B4A1B630-58CC-443D-BFB4-6579B6A5EB40}.Debug|x86.Build.0 = Debug|Win32
		{B4A1B630-58CC-443D-BFB4-6579B6A5EB40}.Release|x64.ActiveCfg = Release|x64
		{B4A1B630-58CC-443D-BFB4-6579B6A5EB40}.Release|x64.Build.0 = Release|x64
		{B4A1B630-58CC-443D-BFB4-6579B6A5EB40}.Release|x86.ActiveCfg = Release|Win32
		{B4A1B630-58CC-443D-BFB4-6579B6A5EB40}.Release|x86.Build.0 = Release|Win32
	EndGlobalSection
	GlobalSection(SolutionProperties) = preSolution
		HideSolutionNode = FALSE
	EndGlobalSection
	GlobalSection(ExtensibilityGlobals) = postSolution
		SolutionGuid = {E3DD8F82-769B-48E2-A520-8483D1C4AB69}
	EndGlobalSection
EndGlobal
